
Microsoft Visual Studio Solution File, Format Version 12.00
# Visual Studio Version 17
VisualStudioVersion = 17.11.35208.52
MinimumVisualStudioVersion = 10.0.40219.1
Project("{FAE04EC0-301F-11D3-BF4B-00C04F79EFBC}") = "ChangeSchoolWallpaper", "ChangeSchoolWallpaper\ChangeSchoolWallpaper.csproj", "{45DB312F-76DE-4134-877E-04D18FB73EDE}"
EndProject
Global
	GlobalSection(SolutionConfigurationPlatforms) = preSolution
		Debug|Any CPU = Debug|Any CPU
		Release|Any CPU = Release|Any CPU
	EndGlobalSection
	GlobalSection(ProjectConfigurationPlatforms) = postSolution
		{45DB312F-76DE-4134-877E-04D18FB73EDE}.Debug|Any CPU.ActiveCfg = Debug|Any CPU
		{45DB312F-76DE-4134-877E-04D18FB73EDE}.Debug|Any CPU.Build.0 = Debug|Any CPU
		{45DB312F-76DE-4134-877E-04D18FB73EDE}.Release|Any CPU.ActiveCfg = Release|Any CPU
		{45DB312F-76DE-4134-877E-04D18FB73EDE}.Release|Any CPU.Build.0 = Release|Any CPU
	EndGlobalSection
	GlobalSection(SolutionProperties) = preSolution
		HideSolutionNode = FALSE
	EndGlobalSection
	GlobalSection(ExtensibilityGlobals) = postSolution
		SolutionGuid = {73A7F5BE-7146-456B-A858-10ADE8B0A253}
	EndGlobalSection
EndGlobal
